
Microsoft Visual Studio Solution File, Format Version 12.00
# Visual Studio Version 17
VisualStudioVersion = 17.6.33829.357
MinimumVisualStudioVersion = 10.0.40219.1
Project("{8BC9CEB8-8B4A-11D0-8D11-00A0C91BC942}") = "GettingStarted_HelloTriangle", "GettingStarted_HelloTriangle\GettingStarted_HelloTriangle.vcxproj", "{6A28A9A9-D620-4F4C-8FB9-D018576F864E}"
EndProject
Project("{8BC9CEB8-8B4A-11D0-8D11-00A0C91BC942}") = "GettingStarted_Shaders", "GettingStarted_Shaders\GettingStarted_Shaders.vcxproj", "{FB07662E-7980-443C-9E59-6322CC027299}"
EndProject
Project("{8BC9CEB8-8B4A-11D0-8D11-00A0C91BC942}") = "GettingStarted_LoadShaders", "Shaders\Shaders.vcxproj", "{822784E8-14B0-4967-B0DE-F641D0E7B8D3}"
EndProject
Project("{8BC9CEB8-8B4A-11D0-8D11-00A0C91BC942}") = "GettingStarted_Textures", "GettingStarted_Textures\GettingStarted_Textures.vcxproj", "{DB53C975-D8C8-4C4A-AA22-72ED2DB85538}"
EndProject
Project("{8BC9CEB8-8B4A-11D0-8D11-00A0C91BC942}") = "GettingStarted_Transformation", "GettingStarted_Transformation\GettingStarted_Transformation.vcxproj", "{CC0109FE-46CE-4BD8-8F95-EF80AAAD5FE4}"
EndProject
Global
	GlobalSection(SolutionConfigurationPlatforms) = preSolution
		Debug|x64 = Debug|x64
		Debug|x86 = Debug|x86
		Release|x64 = Release|x64
		Release|x86 = Release|x86
	EndGlobalSection
	GlobalSection(ProjectConfigurationPlatforms) = postSolution
		{6A28A9A9-D620-4F4C-8FB9-D018576F864E}.Debug|x64.ActiveCfg = Debug|x64
		{6A28A9A9-D620-4F4C-8FB9-D018576F864E}.Debug|x64.Build.0 = Debug|x64
		{6A28A9A9-D620-4F4C-8FB9-D018576F864E}.Debug|x86.ActiveCfg = Debug|Win32
		{6A28A9A9-D620-4F4C-8FB9-D018576F864E}.Debug|x86.Build.0 = Debug|Win32
		{6A28A9A9-D620-4F4C-8FB9-D018576F864E}.Release|x64.ActiveCfg = Release|x64
		{6A28A9A9-D620-4F4C-8FB9-D018576F864E}.Release|x64.Build.0 = Release|x64
		{6A28A9A9-D620-4F4C-8FB9-D018576F864E}.Release|x86.ActiveCfg = Release|Win32
		{6A28A9A9-D620-4F4C-8FB9-D018576F864E}.Release|x86.Build.0 = Release|Win32
		{FB07662E-7980-443C-9E59-6322CC027299}.Debug|x64.ActiveCfg = Debug|x64
		{FB07662E-7980-443C-9E59-6322CC027299}.Debug|x64.Build.0 = Debug|x64
		{FB07662E-7980-443C-9E59-6322CC027299}.Debug|x86.ActiveCfg = Debug|Win32
		{FB07662E-7980-443C-9E59-6322CC027299}.Debug|x86.Build.0 = Debug|Win32
		{FB07662E-7980-443C-9E59-6322CC027299}.Release|x64.ActiveCfg = Release|x64
		{FB07662E-7980-443C-9E59-6322CC027299}.Release|x64.Build.0 = Release|x64
		{FB07662E-7980-443C-9E59-6322CC027299}.Release|x86.ActiveCfg = Release|Win32
		{FB07662E-7980-443C-9E59-6322CC027299}.Release|x86.Build.0 = Release|Win32
		{822784E8-14B0-4967-B0DE-F641D0E7B8D3}.Debug|x64.ActiveCfg = Debug|x64
		{822784E8-14B0-4967-B0DE-F641D0E7B8D3}.Debug|x64.Build.0 = Debug|x64
		{822784E8-14B0-4967-B0DE-F641D0E7B8D3}.Debug|x86.ActiveCfg = Debug|Win32
		{822784E8-14B0-4967-B0DE-F641D0E7B8D3}.Debug|x86.Build.0 = Debug|Win32
		{822784E8-14B0-4967-B0DE-F641D0E7B8D3}.Release|x64.ActiveCfg = Release|x64
		{822784E8-14B0-4967-B0DE-F641D0E7B8D3}.Release|x64.Build.0 = Release|x64
		{822784E8-14B0-4967-B0DE-F641D0E7B8D3}.Release|x86.ActiveCfg = Release|Win32
		{822784E8-14B0-4967-B0DE-F641D0E7B8D3}.Release|x86.Build.0 = Release|Win32
		{DB53C975-D8C8-4C4A-AA22-72ED2DB85538}.Debug|x64.ActiveCfg = Debug|x64
		{DB53C975-D8C8-4C4A-AA22-72ED2DB85538}.Debug|x64.Build.0 = Debug|x64
		{DB53C975-D8C8-4C4A-AA22-72ED2DB85538}.Debug|x86.ActiveCfg = Debug|Win32
		{DB53C975-D8C8-4C4A-AA22-72ED2DB85538}.Debug|x86.Build.0 = Debug|Win32
		{DB53C975-D8C8-4C4A-AA22-72ED2DB85538}.Release|x64.ActiveCfg = Release|x64
		{DB53C975-D8C8-4C4A-AA22-72ED2DB85538}.Release|x64.Build.0 = Release|x64
		{DB53C975-D8C8-4C4A-AA22-72ED2DB85538}.Release|x86.ActiveCfg = Release|Win32
		{DB53C975-D8C8-4C4A-AA22-72ED2DB85538}.Release|x86.Build.0 = Release|Win32
		{CC0109FE-46CE-4BD8-8F95-EF80AAAD5FE4}.Debug|x64.ActiveCfg = Debug|x64
		{CC0109FE-46CE-4BD8-8F95-EF80AAAD5FE4}.Debug|x64.Build.0 = Debug|x64
		{CC0109FE-46CE-4BD8-8F95-EF80AAAD5FE4}.Debug|x86.ActiveCfg = Debug|Win32
		{CC0109FE-46CE-4BD8-8F95-EF80AAAD5FE4}.Debug|x86.Build.0 = Debug|Win32
		{CC0109FE-46CE-4BD8-8F95-EF80AAAD5FE4}.Release|x64.ActiveCfg = Release|x64
		{CC0109FE-46CE-4BD8-8F95-EF80AAAD5FE4}.Release|x64.Build.0 = Release|x64
		{CC0109FE-46CE-4BD8-8F95-EF80AAAD5FE4}.Release|x86.ActiveCfg = Release|Win32
		{CC0109FE-46CE-4BD8-8F95-EF80AAAD5FE4}.Release|x86.Build.0 = Release|Win32
	EndGlobalSection
	GlobalSection(SolutionProperties) = preSolution
		HideSolutionNode = FALSE
	EndGlobalSection
	GlobalSection(ExtensibilityGlobals) = postSolution
		SolutionGuid = {EA000375-B254-4258-BE95-059D3FB23F9B}
	EndGlobalSection
EndGlobal
