
Microsoft Visual Studio Solution File, Format Version 12.00
# Visual Studio Version 17
VisualStudioVersion = 17.6.33829.357
MinimumVisualStudioVersion = 10.0.40219.1
Project("{8BC9CEB8-8B4A-11D0-8D11-00A0C91BC942}") = "GettingStarted_HelloTriangle", "GettingStarted_HelloTriangle\GettingStarted_HelloTriangle.vcxproj", "{6A28A9A9-D620-4F4C-8FB9-D018576F864E}"
EndProject
Project("{8BC9CEB8-8B4A-11D0-8D11-00A0C91BC942}") = "GettingStarted_Shaders", "GettingStarted_Shaders\GettingStarted_Shaders.vcxproj", "{FB07662E-7980-443C-9E59-6322CC027299}"
EndProject
Project("{8BC9CEB8-8B4A-11D0-8D11-00A0C91BC942}") = "GettingStarted_Textures", "GettingStarted_Textures\GettingStarted_Textures.vcxproj", "{DB53C975-D8C8-4C4A-AA22-72ED2DB85538}"
EndProject
Project("{8BC9CEB8-8B4A-11D0-8D11-00A0C91BC942}") = "GettingStarted_Transformation", "GettingStarted_Transformation\GettingStarted_Transformation.vcxproj", "{CC0109FE-46CE-4BD8-8F95-EF80AAAD5FE4}"
EndProject
Project("{8BC9CEB8-8B4A-11D0-8D11-00A0C91BC942}") = "GettingStarted_CoordinateSystems", "GettingStarted_CoordinateSystems\GettingStarted_CoordinateSystems.vcxproj", "{E06C0E97-43C4-4F04-81C0-87C0B536BE76}"
EndProject
Project("{8BC9CEB8-8B4A-11D0-8D11-00A0C91BC942}") = "GettingStarted_Camera", "GettingStarted_Camera\GettingStarted_Camera.vcxproj", "{25AB22C3-05E6-45D8-B10F-9E1DC58E99AA}"
EndProject
Project("{8BC9CEB8-8B4A-11D0-8D11-00A0C91BC942}") = "Lighting_Colors", "Lighting_Colors\Lighting_Colors.vcxproj", "{B9CAFCC8-7E44-4E9E-B747-014FFDCC702F}"
EndProject
Project("{8BC9CEB8-8B4A-11D0-8D11-00A0C91BC942}") = "Lighting_BasicLighting", "Lighting_BasicLighting\Lighting_BasicLighting.vcxproj", "{C28D9609-EC9C-4A7C-ACBE-2C753D5223B0}"
EndProject
Project("{8BC9CEB8-8B4A-11D0-8D11-00A0C91BC942}") = "Lighting_Materials", "Lighting_Materials\Lighting_Materials.vcxproj", "{30754529-959D-45BB-8828-F2441CD06B05}"
EndProject
Global
	GlobalSection(SolutionConfigurationPlatforms) = preSolution
		Debug|x64 = Debug|x64
		Debug|x86 = Debug|x86
		Release|x64 = Release|x64
		Release|x86 = Release|x86
	EndGlobalSection
	GlobalSection(ProjectConfigurationPlatforms) = postSolution
		{6A28A9A9-D620-4F4C-8FB9-D018576F864E}.Debug|x64.ActiveCfg = Debug|x64
		{6A28A9A9-D620-4F4C-8FB9-D018576F864E}.Debug|x64.Build.0 = Debug|x64
		{6A28A9A9-D620-4F4C-8FB9-D018576F864E}.Debug|x86.ActiveCfg = Debug|Win32
		{6A28A9A9-D620-4F4C-8FB9-D018576F864E}.Debug|x86.Build.0 = Debug|Win32
		{6A28A9A9-D620-4F4C-8FB9-D018576F864E}.Release|x64.ActiveCfg = Release|x64
		{6A28A9A9-D620-4F4C-8FB9-D018576F864E}.Release|x64.Build.0 = Release|x64
		{6A28A9A9-D620-4F4C-8FB9-D018576F864E}.Release|x86.ActiveCfg = Release|Win32
		{6A28A9A9-D620-4F4C-8FB9-D018576F864E}.Release|x86.Build.0 = Release|Win32
		{FB07662E-7980-443C-9E59-6322CC027299}.Debug|x64.ActiveCfg = Debug|x64
		{FB07662E-7980-443C-9E59-6322CC027299}.Debug|x64.Build.0 = Debug|x64
		{FB07662E-7980-443C-9E59-6322CC027299}.Debug|x86.ActiveCfg = Debug|Win32
		{FB07662E-7980-443C-9E59-6322CC027299}.Debug|x86.Build.0 = Debug|Win32
		{FB07662E-7980-443C-9E59-6322CC027299}.Release|x64.ActiveCfg = Release|x64
		{FB07662E-7980-443C-9E59-6322CC027299}.Release|x64.Build.0 = Release|x64
		{FB07662E-7980-443C-9E59-6322CC027299}.Release|x86.ActiveCfg = Release|Win32
		{FB07662E-7980-443C-9E59-6322CC027299}.Release|x86.Build.0 = Release|Win32
		{DB53C975-D8C8-4C4A-AA22-72ED2DB85538}.Debug|x64.ActiveCfg = Debug|x64
		{DB53C975-D8C8-4C4A-AA22-72ED2DB85538}.Debug|x64.Build.0 = Debug|x64
		{DB53C975-D8C8-4C4A-AA22-72ED2DB85538}.Debug|x86.ActiveCfg = Debug|Win32
		{DB53C975-D8C8-4C4A-AA22-72ED2DB85538}.Debug|x86.Build.0 = Debug|Win32
		{DB53C975-D8C8-4C4A-AA22-72ED2DB85538}.Release|x64.ActiveCfg = Release|x64
		{DB53C975-D8C8-4C4A-AA22-72ED2DB85538}.Release|x64.Build.0 = Release|x64
		{DB53C975-D8C8-4C4A-AA22-72ED2DB85538}.Release|x86.ActiveCfg = Release|Win32
		{DB53C975-D8C8-4C4A-AA22-72ED2DB85538}.Release|x86.Build.0 = Release|Win32
		{CC0109FE-46CE-4BD8-8F95-EF80AAAD5FE4}.Debug|x64.ActiveCfg = Debug|x64
		{CC0109FE-46CE-4BD8-8F95-EF80AAAD5FE4}.Debug|x64.Build.0 = Debug|x64
		{CC0109FE-46CE-4BD8-8F95-EF80AAAD5FE4}.Debug|x86.ActiveCfg = Debug|Win32
		{CC0109FE-46CE-4BD8-8F95-EF80AAAD5FE4}.Debug|x86.Build.0 = Debug|Win32
		{CC0109FE-46CE-4BD8-8F95-EF80AAAD5FE4}.Release|x64.ActiveCfg = Release|x64
		{CC0109FE-46CE-4BD8-8F95-EF80AAAD5FE4}.Release|x64.Build.0 = Release|x64
		{CC0109FE-46CE-4BD8-8F95-EF80AAAD5FE4}.Release|x86.ActiveCfg = Release|Win32
		{CC0109FE-46CE-4BD8-8F95-EF80AAAD5FE4}.Release|x86.Build.0 = Release|Win32
		{E06C0E97-43C4-4F04-81C0-87C0B536BE76}.Debug|x64.ActiveCfg = Debug|x64
		{E06C0E97-43C4-4F04-81C0-87C0B536BE76}.Debug|x64.Build.0 = Debug|x64
		{E06C0E97-43C4-4F04-81C0-87C0B536BE76}.Debug|x86.ActiveCfg = Debug|Win32
		{E06C0E97-43C4-4F04-81C0-87C0B536BE76}.Debug|x86.Build.0 = Debug|Win32
		{E06C0E97-43C4-4F04-81C0-87C0B536BE76}.Release|x64.ActiveCfg = Release|x64
		{E06C0E97-43C4-4F04-81C0-87C0B536BE76}.Release|x64.Build.0 = Release|x64
		{E06C0E97-43C4-4F04-81C0-87C0B536BE76}.Release|x86.ActiveCfg = Release|Win32
		{E06C0E97-43C4-4F04-81C0-87C0B536BE76}.Release|x86.Build.0 = Release|Win32
		{25AB22C3-05E6-45D8-B10F-9E1DC58E99AA}.Debug|x64.ActiveCfg = Debug|x64
		{25AB22C3-05E6-45D8-B10F-9E1DC58E99AA}.Debug|x64.Build.0 = Debug|x64
		{25AB22C3-05E6-45D8-B10F-9E1DC58E99AA}.Debug|x86.ActiveCfg = Debug|Win32
		{25AB22C3-05E6-45D8-B10F-9E1DC58E99AA}.Debug|x86.Build.0 = Debug|Win32
		{25AB22C3-05E6-45D8-B10F-9E1DC58E99AA}.Release|x64.ActiveCfg = Release|x64
		{25AB22C3-05E6-45D8-B10F-9E1DC58E99AA}.Release|x64.Build.0 = Release|x64
		{25AB22C3-05E6-45D8-B10F-9E1DC58E99AA}.Release|x86.ActiveCfg = Release|Win32
		{25AB22C3-05E6-45D8-B10F-9E1DC58E99AA}.Release|x86.Build.0 = Release|Win32
		{B9CAFCC8-7E44-4E9E-B747-014FFDCC702F}.Debug|x64.ActiveCfg = Debug|x64
		{B9CAFCC8-7E44-4E9E-B747-014FFDCC702F}.Debug|x64.Build.0 = Debug|x64
		{B9CAFCC8-7E44-4E9E-B747-014FFDCC702F}.Debug|x86.ActiveCfg = Debug|Win32
		{B9CAFCC8-7E44-4E9E-B747-014FFDCC702F}.Debug|x86.Build.0 = Debug|Win32
		{B9CAFCC8-7E44-4E9E-B747-014FFDCC702F}.Release|x64.ActiveCfg = Release|x64
		{B9CAFCC8-7E44-4E9E-B747-014FFDCC702F}.Release|x64.Build.0 = Release|x64
		{B9CAFCC8-7E44-4E9E-B747-014FFDCC702F}.Release|x86.ActiveCfg = Release|Win32
		{B9CAFCC8-7E44-4E9E-B747-014FFDCC702F}.Release|x86.Build.0 = Release|Win32
		{C28D9609-EC9C-4A7C-ACBE-2C753D5223B0}.Debug|x64.ActiveCfg = Debug|x64
		{C28D9609-EC9C-4A7C-ACBE-2C753D5223B0}.Debug|x64.Build.0 = Debug|x64
		{C28D9609-EC9C-4A7C-ACBE-2C753D5223B0}.Debug|x86.ActiveCfg = Debug|Win32
		{C28D9609-EC9C-4A7C-ACBE-2C753D5223B0}.Debug|x86.Build.0 = Debug|Win32
		{C28D9609-EC9C-4A7C-ACBE-2C753D5223B0}.Release|x64.ActiveCfg = Release|x64
		{C28D9609-EC9C-4A7C-ACBE-2C753D5223B0}.Release|x64.Build.0 = Release|x64
		{C28D9609-EC9C-4A7C-ACBE-2C753D5223B0}.Release|x86.ActiveCfg = Release|Win32
		{C28D9609-EC9C-4A7C-ACBE-2C753D5223B0}.Release|x86.Build.0 = Release|Win32
		{30754529-959D-45BB-8828-F2441CD06B05}.Debug|x64.ActiveCfg = Debug|x64
		{30754529-959D-45BB-8828-F2441CD06B05}.Debug|x64.Build.0 = Debug|x64
		{30754529-959D-45BB-8828-F2441CD06B05}.Debug|x86.ActiveCfg = Debug|Win32
		{30754529-959D-45BB-8828-F2441CD06B05}.Debug|x86.Build.0 = Debug|Win32
		{30754529-959D-45BB-8828-F2441CD06B05}.Release|x64.ActiveCfg = Release|x64
		{30754529-959D-45BB-8828-F2441CD06B05}.Release|x64.Build.0 = Release|x64
		{30754529-959D-45BB-8828-F2441CD06B05}.Release|x86.ActiveCfg = Release|Win32
		{30754529-959D-45BB-8828-F2441CD06B05}.Release|x86.Build.0 = Release|Win32
	EndGlobalSection
	GlobalSection(SolutionProperties) = preSolution
		HideSolutionNode = FALSE
	EndGlobalSection
	GlobalSection(ExtensibilityGlobals) = postSolution
		SolutionGuid = {EA000375-B254-4258-BE95-059D3FB23F9B}
	EndGlobalSection
EndGlobal
